
Microsoft Visual Studio Solution File, Format Version 12.00
# Visual Studio Version 17
VisualStudioVersion = 17.7.34221.43
MinimumVisualStudioVersion = 10.0.40219.1
Project("{FAE04EC0-301F-11D3-BF4B-00C04F79EFBC}") = "Week3AssetTracking", "Week3AssetTracking\Week3AssetTracking.csproj", "{72B30758-9C69-4019-A12D-583485F84217}"
EndProject
Global
	GlobalSection(SolutionConfigurationPlatforms) = preSolution
		Debug|Any CPU = Debug|Any CPU
		Release|Any CPU = Release|Any CPU
	EndGlobalSection
	GlobalSection(ProjectConfigurationPlatforms) = postSolution
		{72B30758-9C69-4019-A12D-583485F84217}.Debug|Any CPU.ActiveCfg = Debug|Any CPU
		{72B30758-9C69-4019-A12D-583485F84217}.Debug|Any CPU.Build.0 = Debug|Any CPU
		{72B30758-9C69-4019-A12D-583485F84217}.Release|Any CPU.ActiveCfg = Release|Any CPU
		{72B30758-9C69-4019-A12D-583485F84217}.Release|Any CPU.Build.0 = Release|Any CPU
	EndGlobalSection
	GlobalSection(SolutionProperties) = preSolution
		HideSolutionNode = FALSE
	EndGlobalSection
	GlobalSection(ExtensibilityGlobals) = postSolution
		SolutionGuid = {05AE7946-C045-4B95-87A7-B255DFB176BA}
	EndGlobalSection
EndGlobal
